
Microsoft Visual Studio Solution File, Format Version 12.00
# Visual Studio Version 16
VisualStudioVersion = 16.0.31911.196
MinimumVisualStudioVersion = 10.0.40219.1
Project("{FAE04EC0-301F-11D3-BF4B-00C04F79EFBC}") = "560FinalProject", "560FinalProject\560FinalProject.csproj", "{B2CD0FC3-7E35-40E1-942C-C4D5C667BD96}"
EndProject
Global
	GlobalSection(SolutionConfigurationPlatforms) = preSolution
		Debug|Any CPU = Debug|Any CPU
		Release|Any CPU = Release|Any CPU
	EndGlobalSection
	GlobalSection(ProjectConfigurationPlatforms) = postSolution
		{B2CD0FC3-7E35-40E1-942C-C4D5C667BD96}.Debug|Any CPU.ActiveCfg = Debug|Any CPU
		{B2CD0FC3-7E35-40E1-942C-C4D5C667BD96}.Debug|Any CPU.Build.0 = Debug|Any CPU
		{B2CD0FC3-7E35-40E1-942C-C4D5C667BD96}.Release|Any CPU.ActiveCfg = Release|Any CPU
		{B2CD0FC3-7E35-40E1-942C-C4D5C667BD96}.Release|Any CPU.Build.0 = Release|Any CPU
	EndGlobalSection
	GlobalSection(SolutionProperties) = preSolution
		HideSolutionNode = FALSE
	EndGlobalSection
	GlobalSection(ExtensibilityGlobals) = postSolution
		SolutionGuid = {CED49982-03C9-45EC-B269-EE11CB10D887}
	EndGlobalSection
EndGlobal
